
Microsoft Visual Studio Solution File, Format Version 12.00
# Visual Studio Version 17
Project("{FAE04EC0-301F-11D3-BF4B-00C04F79EFBC}") = "DataLoader.Core", "src\DataLoader.Core\DataLoader.Core.csproj", "{11111111-1111-1111-1111-111111111111}"
EndProject
Project("{FAE04EC0-301F-11D3-BF4B-00C04F79EFBC}") = "DataLoader.Host", "src\DataLoader.Host\DataLoader.Host.csproj", "{22222222-2222-2222-2222-222222222222}"
EndProject
Project("{FAE04EC0-301F-11D3-BF4B-00C04F79EFBC}") = "DataLoader.EnergyAspects", "src\DataLoader.EnergyAspects\DataLoader.EnergyAspects.csproj", "{33333333-3333-3333-3333-333333333333}"
EndProject
Project("{2150E333-8FDC-42A3-9474-1A3956D46DE8}") = "src", "src", "{827E0CD3-B72D-47B6-A68D-7590B98EB39B}"
EndProject
Project("{FAE04EC0-301F-11D3-BF4B-00C04F79EFBC}") = "DataLoader.Vulcan", "src\DataLoader.Vulcan\DataLoader.Vulcan.csproj", "{36B2487A-EB30-4DCB-978A-525831936B84}"
EndProject
Project("{2150E333-8FDC-42A3-9474-1A3956D46DE8}") = "tests", "tests", "{0AB3BF05-4346-4AA6-1389-037BE0695223}"
EndProject
Project("{FAE04EC0-301F-11D3-BF4B-00C04F79EFBC}") = "DataLoader.Vulcan.Tests", "tests\DataLoader.Vulcan.Tests\DataLoader.Vulcan.Tests.csproj", "{E5B9BDFC-D6A7-4241-A9CF-10F1B70F25E4}"
EndProject
Project("{FAE04EC0-301F-11D3-BF4B-00C04F79EFBC}") = "DataLoader.Platts", "src\DataLoader.Platts\DataLoader.Platts.csproj", "{7C3013F2-1817-478D-BFF2-E3D1585DA36D}"
EndProject
Project("{FAE04EC0-301F-11D3-BF4B-00C04F79EFBC}") = "DataLoader.Platts.Tests", "tests\DataLoader.Platts.Tests\DataLoader.Platts.Tests.csproj", "{2FB32473-BC55-4831-B3D7-BBF2736DC7EB}"
EndProject
Project("{FAE04EC0-301F-11D3-BF4B-00C04F79EFBC}") = "DataLoader.Core.Tests", "tests\DataLoader.Core.Tests\DataLoader.Core.Tests.csproj", "{A2E600A9-D716-436D-A76E-548D5FF28EE2}"
EndProject
Project("{FAE04EC0-301F-11D3-BF4B-00C04F79EFBC}") = "DataLoader.StormVista", "src\DataLoader.StormVista\DataLoader.StormVista.csproj", "{1E5D5CE8-9208-436A-A04C-6EBC3E0FF632}"
EndProject
Project("{FAE04EC0-301F-11D3-BF4B-00C04F79EFBC}") = "DataLoader.StormVista.Tests", "tests\DataLoader.StormVista.Tests\DataLoader.StormVista.Tests.csproj", "{CF0826FA-A732-41FF-ACDA-9DB178CBDBA7}"
EndProject
Project("{FAE04EC0-301F-11D3-BF4B-00C04F79EFBC}") = "DataLoader.CWG", "src\DataLoader.CWG\DataLoader.CWG.csproj", "{A7D3E9C1-4B62-4F8A-9E1D-5C2F7B8A0D34}"
EndProject
Project("{FAE04EC0-301F-11D3-BF4B-00C04F79EFBC}") = "DataLoader.CWG.Tests", "tests\DataLoader.CWG.Tests\DataLoader.CWG.Tests.csproj", "{B8E4F0A2-1C73-4D9B-8F2E-6D3A9C1B2E45}"
EndProject
Project("{FAE04EC0-301F-11D3-BF4B-00C04F79EFBC}") = "DataLoader.AGSI", "src\DataLoader.AGSI\DataLoader.AGSI.csproj", "{C9F1A2B3-4D5E-6F70-8A9B-0C1D2E3F4A50}"
EndProject
Project("{FAE04EC0-301F-11D3-BF4B-00C04F79EFBC}") = "DataLoader.AGSI.Tests", "tests\DataLoader.AGSI.Tests\DataLoader.AGSI.Tests.csproj", "{7DB37D4B-AD63-4058-891E-42B6D82C1379}"
EndProject
Project("{FAE04EC0-301F-11D3-BF4B-00C04F79EFBC}") = "DataLoader.IHSPointLogic", "src\DataLoader.IHSPointLogic\DataLoader.IHSPointLogic.csproj", "{4AFDB21B-AFAB-4B0A-AE29-2BA92B2F9E17}"
EndProject
Project("{FAE04EC0-301F-11D3-BF4B-00C04F79EFBC}") = "DataLoader.IHSPointLogic.Tests", "tests\DataLoader.IHSPointLogic.Tests\DataLoader.IHSPointLogic.Tests.csproj", "{B567E6F9-443C-41D5-AE1D-5187A642AB2F}"
EndProject
Project("{FAE04EC0-301F-11D3-BF4B-00C04F79EFBC}") = "DataLoader.IIR", "src\DataLoader.IIR\DataLoader.IIR.csproj", "{D2A4E7F1-9C3B-4E6A-8B5D-1F0E2A3C4B60}"
EndProject
Project("{FAE04EC0-301F-11D3-BF4B-00C04F79EFBC}") = "DataLoader.IIR.Tests", "tests\DataLoader.IIR.Tests\DataLoader.IIR.Tests.csproj", "{E1B5C8A3-2D74-4F9B-9C6E-3A2F1B0D5C71}"
EndProject
Project("{FAE04EC0-301F-11D3-BF4B-00C04F79EFBC}") = "DataLoader.OPIS", "src\DataLoader.OPIS\DataLoader.OPIS.csproj", "{6B00C276-BAB4-4C79-A0DF-C7FEFC210755}"
EndProject
Project("{FAE04EC0-301F-11D3-BF4B-00C04F79EFBC}") = "DataLoader.OPIS.Tests", "tests\DataLoader.OPIS.Tests\DataLoader.OPIS.Tests.csproj", "{8A5682CA-F62C-494C-B99A-E99FD21F697F}"
EndProject
Project("{FAE04EC0-301F-11D3-BF4B-00C04F79EFBC}") = "DataLoader.NGI", "src\DataLoader.NGI\DataLoader.NGI.csproj", "{35C837AA-BAE2-4C80-BB20-0C6FBF4BFA64}"
EndProject
Project("{FAE04EC0-301F-11D3-BF4B-00C04F79EFBC}") = "DataLoader.NGI.Tests", "tests\DataLoader.NGI.Tests\DataLoader.NGI.Tests.csproj", "{6C274C5B-DD3D-4307-AACF-FA95AB74ADF4}"
EndProject
Project("{FAE04EC0-301F-11D3-BF4B-00C04F79EFBC}") = "DataLoader.ModernCommodities", "src\DataLoader.ModernCommodities\DataLoader.ModernCommodities.csproj", "{3F7A1D42-90C5-4E18-B2A7-6D5E8C4F1B93}"
EndProject
Project("{FAE04EC0-301F-11D3-BF4B-00C04F79EFBC}") = "DataLoader.ModernCommodities.Tests", "tests\DataLoader.ModernCommodities.Tests\DataLoader.ModernCommodities.Tests.csproj", "{4715B3DB-B950-4CDB-BD4E-8DADD2FC3DBE}"
EndProject
Project("{FAE04EC0-301F-11D3-BF4B-00C04F79EFBC}") = "DataLoader.EvolutionMarkets", "src\DataLoader.EvolutionMarkets\DataLoader.EvolutionMarkets.csproj", "{139E7A57-3E55-4A86-BAFC-4CD2844CAFC8}"
EndProject
Project("{FAE04EC0-301F-11D3-BF4B-00C04F79EFBC}") = "DataLoader.EvolutionMarkets.Tests", "tests\DataLoader.EvolutionMarkets.Tests\DataLoader.EvolutionMarkets.Tests.csproj", "{17D05982-A4FA-49D0-ADA9-9E4F4171B014}"
EndProject
Project("{FAE04EC0-301F-11D3-BF4B-00C04F79EFBC}") = "DataLoader.Argus", "src\DataLoader.Argus\DataLoader.Argus.csproj", "{964F8129-4D24-4FA9-8886-9F00E2A47BA4}"
EndProject
Project("{FAE04EC0-301F-11D3-BF4B-00C04F79EFBC}") = "DataLoader.Argus.Tests", "tests\DataLoader.Argus.Tests\DataLoader.Argus.Tests.csproj", "{AAE1655D-B4F3-4A9C-B290-793E70C616A6}"
EndProject
Project("{FAE04EC0-301F-11D3-BF4B-00C04F79EFBC}") = "DataLoader.ICE", "src\DataLoader.ICE\DataLoader.ICE.csproj", "{75826C60-F710-4B19-88B2-8AC891573BB0}"
EndProject
Project("{FAE04EC0-301F-11D3-BF4B-00C04F79EFBC}") = "DataLoader.ICE.Tests", "tests\DataLoader.ICE.Tests\DataLoader.ICE.Tests.csproj", "{E4821309-A74B-4823-883C-97F3F585F5E8}"
EndProject
Project("{FAE04EC0-301F-11D3-BF4B-00C04F79EFBC}") = "DataLoader.Criterion", "src\DataLoader.Criterion\DataLoader.Criterion.csproj", "{08751AF5-3207-4B1F-B3EE-68D37BD1CB54}"
EndProject
Project("{FAE04EC0-301F-11D3-BF4B-00C04F79EFBC}") = "DataLoader.Criterion.Tests", "tests\DataLoader.Criterion.Tests\DataLoader.Criterion.Tests.csproj", "{A523102A-BD45-419F-B2CA-C657B7947DCD}"
EndProject
Global
	GlobalSection(SolutionConfigurationPlatforms) = preSolution
		Debug|Any CPU = Debug|Any CPU
		Debug|x64 = Debug|x64
		Debug|x86 = Debug|x86
		Release|Any CPU = Release|Any CPU
		Release|x64 = Release|x64
		Release|x86 = Release|x86
	EndGlobalSection
	GlobalSection(ProjectConfigurationPlatforms) = postSolution
		{11111111-1111-1111-1111-111111111111}.Debug|Any CPU.ActiveCfg = Debug|Any CPU
		{11111111-1111-1111-1111-111111111111}.Debug|Any CPU.Build.0 = Debug|Any CPU
		{11111111-1111-1111-1111-111111111111}.Debug|x64.ActiveCfg = Debug|Any CPU
		{11111111-1111-1111-1111-111111111111}.Debug|x64.Build.0 = Debug|Any CPU
		{11111111-1111-1111-1111-111111111111}.Debug|x86.ActiveCfg = Debug|Any CPU
		{11111111-1111-1111-1111-111111111111}.Debug|x86.Build.0 = Debug|Any CPU
		{11111111-1111-1111-1111-111111111111}.Release|Any CPU.ActiveCfg = Release|Any CPU
		{11111111-1111-1111-1111-111111111111}.Release|Any CPU.Build.0 = Release|Any CPU
		{11111111-1111-1111-1111-111111111111}.Release|x64.ActiveCfg = Release|Any CPU
		{11111111-1111-1111-1111-111111111111}.Release|x64.Build.0 = Release|Any CPU
		{11111111-1111-1111-1111-111111111111}.Release|x86.ActiveCfg = Release|Any CPU
		{11111111-1111-1111-1111-111111111111}.Release|x86.Build.0 = Release|Any CPU
		{22222222-2222-2222-2222-222222222222}.Debug|Any CPU.ActiveCfg = Debug|Any CPU
		{22222222-2222-2222-2222-222222222222}.Debug|Any CPU.Build.0 = Debug|Any CPU
		{22222222-2222-2222-2222-222222222222}.Debug|x64.ActiveCfg = Debug|Any CPU
		{22222222-2222-2222-2222-222222222222}.Debug|x64.Build.0 = Debug|Any CPU
		{22222222-2222-2222-2222-222222222222}.Debug|x86.ActiveCfg = Debug|Any CPU
		{22222222-2222-2222-2222-222222222222}.Debug|x86.Build.0 = Debug|Any CPU
		{22222222-2222-2222-2222-222222222222}.Release|Any CPU.ActiveCfg = Release|Any CPU
		{22222222-2222-2222-2222-222222222222}.Release|Any CPU.Build.0 = Release|Any CPU
		{22222222-2222-2222-2222-222222222222}.Release|x64.ActiveCfg = Release|Any CPU
		{22222222-2222-2222-2222-222222222222}.Release|x64.Build.0 = Release|Any CPU
		{22222222-2222-2222-2222-222222222222}.Release|x86.ActiveCfg = Release|Any CPU
		{22222222-2222-2222-2222-222222222222}.Release|x86.Build.0 = Release|Any CPU
		{33333333-3333-3333-3333-333333333333}.Debug|Any CPU.ActiveCfg = Debug|Any CPU
		{33333333-3333-3333-3333-333333333333}.Debug|Any CPU.Build.0 = Debug|Any CPU
		{33333333-3333-3333-3333-333333333333}.Debug|x64.ActiveCfg = Debug|Any CPU
		{33333333-3333-3333-3333-333333333333}.Debug|x64.Build.0 = Debug|Any CPU
		{33333333-3333-3333-3333-333333333333}.Debug|x86.ActiveCfg = Debug|Any CPU
		{33333333-3333-3333-3333-333333333333}.Debug|x86.Build.0 = Debug|Any CPU
		{33333333-3333-3333-3333-333333333333}.Release|Any CPU.ActiveCfg = Release|Any CPU
		{33333333-3333-3333-3333-333333333333}.Release|Any CPU.Build.0 = Release|Any CPU
		{33333333-3333-3333-3333-333333333333}.Release|x64.ActiveCfg = Release|Any CPU
		{33333333-3333-3333-3333-333333333333}.Release|x64.Build.0 = Release|Any CPU
		{33333333-3333-3333-3333-333333333333}.Release|x86.ActiveCfg = Release|Any CPU
		{33333333-3333-3333-3333-333333333333}.Release|x86.Build.0 = Release|Any CPU
		{36B2487A-EB30-4DCB-978A-525831936B84}.Debug|Any CPU.ActiveCfg = Debug|Any CPU
		{36B2487A-EB30-4DCB-978A-525831936B84}.Debug|Any CPU.Build.0 = Debug|Any CPU
		{36B2487A-EB30-4DCB-978A-525831936B84}.Debug|x64.ActiveCfg = Debug|Any CPU
		{36B2487A-EB30-4DCB-978A-525831936B84}.Debug|x64.Build.0 = Debug|Any CPU
		{36B2487A-EB30-4DCB-978A-525831936B84}.Debug|x86.ActiveCfg = Debug|Any CPU
		{36B2487A-EB30-4DCB-978A-525831936B84}.Debug|x86.Build.0 = Debug|Any CPU
		{36B2487A-EB30-4DCB-978A-525831936B84}.Release|Any CPU.ActiveCfg = Release|Any CPU
		{36B2487A-EB30-4DCB-978A-525831936B84}.Release|Any CPU.Build.0 = Release|Any CPU
		{36B2487A-EB30-4DCB-978A-525831936B84}.Release|x64.ActiveCfg = Release|Any CPU
		{36B2487A-EB30-4DCB-978A-525831936B84}.Release|x64.Build.0 = Release|Any CPU
		{36B2487A-EB30-4DCB-978A-525831936B84}.Release|x86.ActiveCfg = Release|Any CPU
		{36B2487A-EB30-4DCB-978A-525831936B84}.Release|x86.Build.0 = Release|Any CPU
		{E5B9BDFC-D6A7-4241-A9CF-10F1B70F25E4}.Debug|Any CPU.ActiveCfg = Debug|Any CPU
		{E5B9BDFC-D6A7-4241-A9CF-10F1B70F25E4}.Debug|Any CPU.Build.0 = Debug|Any CPU
		{E5B9BDFC-D6A7-4241-A9CF-10F1B70F25E4}.Debug|x64.ActiveCfg = Debug|Any CPU
		{E5B9BDFC-D6A7-4241-A9CF-10F1B70F25E4}.Debug|x64.Build.0 = Debug|Any CPU
		{E5B9BDFC-D6A7-4241-A9CF-10F1B70F25E4}.Debug|x86.ActiveCfg = Debug|Any CPU
		{E5B9BDFC-D6A7-4241-A9CF-10F1B70F25E4}.Debug|x86.Build.0 = Debug|Any CPU
		{E5B9BDFC-D6A7-4241-A9CF-10F1B70F25E4}.Release|Any CPU.ActiveCfg = Release|Any CPU
		{E5B9BDFC-D6A7-4241-A9CF-10F1B70F25E4}.Release|Any CPU.Build.0 = Release|Any CPU
		{E5B9BDFC-D6A7-4241-A9CF-10F1B70F25E4}.Release|x64.ActiveCfg = Release|Any CPU
		{E5B9BDFC-D6A7-4241-A9CF-10F1B70F25E4}.Release|x64.Build.0 = Release|Any CPU
		{E5B9BDFC-D6A7-4241-A9CF-10F1B70F25E4}.Release|x86.ActiveCfg = Release|Any CPU
		{E5B9BDFC-D6A7-4241-A9CF-10F1B70F25E4}.Release|x86.Build.0 = Release|Any CPU
		{7C3013F2-1817-478D-BFF2-E3D1585DA36D}.Debug|Any CPU.ActiveCfg = Debug|Any CPU
		{7C3013F2-1817-478D-BFF2-E3D1585DA36D}.Debug|Any CPU.Build.0 = Debug|Any CPU
		{7C3013F2-1817-478D-BFF2-E3D1585DA36D}.Debug|x64.ActiveCfg = Debug|Any CPU
		{7C3013F2-1817-478D-BFF2-E3D1585DA36D}.Debug|x64.Build.0 = Debug|Any CPU
		{7C3013F2-1817-478D-BFF2-E3D1585DA36D}.Debug|x86.ActiveCfg = Debug|Any CPU
		{7C3013F2-1817-478D-BFF2-E3D1585DA36D}.Debug|x86.Build.0 = Debug|Any CPU
		{7C3013F2-1817-478D-BFF2-E3D1585DA36D}.Release|Any CPU.ActiveCfg = Release|Any CPU
		{7C3013F2-1817-478D-BFF2-E3D1585DA36D}.Release|Any CPU.Build.0 = Release|Any CPU
		{7C3013F2-1817-478D-BFF2-E3D1585DA36D}.Release|x64.ActiveCfg = Release|Any CPU
		{7C3013F2-1817-478D-BFF2-E3D1585DA36D}.Release|x64.Build.0 = Release|Any CPU
		{7C3013F2-1817-478D-BFF2-E3D1585DA36D}.Release|x86.ActiveCfg = Release|Any CPU
		{7C3013F2-1817-478D-BFF2-E3D1585DA36D}.Release|x86.Build.0 = Release|Any CPU
		{2FB32473-BC55-4831-B3D7-BBF2736DC7EB}.Debug|Any CPU.ActiveCfg = Debug|Any CPU
		{2FB32473-BC55-4831-B3D7-BBF2736DC7EB}.Debug|Any CPU.Build.0 = Debug|Any CPU
		{2FB32473-BC55-4831-B3D7-BBF2736DC7EB}.Debug|x64.ActiveCfg = Debug|Any CPU
		{2FB32473-BC55-4831-B3D7-BBF2736DC7EB}.Debug|x64.Build.0 = Debug|Any CPU
		{2FB32473-BC55-4831-B3D7-BBF2736DC7EB}.Debug|x86.ActiveCfg = Debug|Any CPU
		{2FB32473-BC55-4831-B3D7-BBF2736DC7EB}.Debug|x86.Build.0 = Debug|Any CPU
		{2FB32473-BC55-4831-B3D7-BBF2736DC7EB}.Release|Any CPU.ActiveCfg = Release|Any CPU
		{2FB32473-BC55-4831-B3D7-BBF2736DC7EB}.Release|Any CPU.Build.0 = Release|Any CPU
		{2FB32473-BC55-4831-B3D7-BBF2736DC7EB}.Release|x64.ActiveCfg = Release|Any CPU
		{2FB32473-BC55-4831-B3D7-BBF2736DC7EB}.Release|x64.Build.0 = Release|Any CPU
		{2FB32473-BC55-4831-B3D7-BBF2736DC7EB}.Release|x86.ActiveCfg = Release|Any CPU
		{2FB32473-BC55-4831-B3D7-BBF2736DC7EB}.Release|x86.Build.0 = Release|Any CPU
		{A2E600A9-D716-436D-A76E-548D5FF28EE2}.Debug|Any CPU.ActiveCfg = Debug|Any CPU
		{A2E600A9-D716-436D-A76E-548D5FF28EE2}.Debug|Any CPU.Build.0 = Debug|Any CPU
		{A2E600A9-D716-436D-A76E-548D5FF28EE2}.Debug|x64.ActiveCfg = Debug|Any CPU
		{A2E600A9-D716-436D-A76E-548D5FF28EE2}.Debug|x64.Build.0 = Debug|Any CPU
		{A2E600A9-D716-436D-A76E-548D5FF28EE2}.Debug|x86.ActiveCfg = Debug|Any CPU
		{A2E600A9-D716-436D-A76E-548D5FF28EE2}.Debug|x86.Build.0 = Debug|Any CPU
		{A2E600A9-D716-436D-A76E-548D5FF28EE2}.Release|Any CPU.ActiveCfg = Release|Any CPU
		{A2E600A9-D716-436D-A76E-548D5FF28EE2}.Release|Any CPU.Build.0 = Release|Any CPU
		{A2E600A9-D716-436D-A76E-548D5FF28EE2}.Release|x64.ActiveCfg = Release|Any CPU
		{A2E600A9-D716-436D-A76E-548D5FF28EE2}.Release|x64.Build.0 = Release|Any CPU
		{A2E600A9-D716-436D-A76E-548D5FF28EE2}.Release|x86.ActiveCfg = Release|Any CPU
		{A2E600A9-D716-436D-A76E-548D5FF28EE2}.Release|x86.Build.0 = Release|Any CPU
		{1E5D5CE8-9208-436A-A04C-6EBC3E0FF632}.Debug|Any CPU.ActiveCfg = Debug|Any CPU
		{1E5D5CE8-9208-436A-A04C-6EBC3E0FF632}.Debug|Any CPU.Build.0 = Debug|Any CPU
		{1E5D5CE8-9208-436A-A04C-6EBC3E0FF632}.Debug|x64.ActiveCfg = Debug|Any CPU
		{1E5D5CE8-9208-436A-A04C-6EBC3E0FF632}.Debug|x64.Build.0 = Debug|Any CPU
		{1E5D5CE8-9208-436A-A04C-6EBC3E0FF632}.Debug|x86.ActiveCfg = Debug|Any CPU
		{1E5D5CE8-9208-436A-A04C-6EBC3E0FF632}.Debug|x86.Build.0 = Debug|Any CPU
		{1E5D5CE8-9208-436A-A04C-6EBC3E0FF632}.Release|Any CPU.ActiveCfg = Release|Any CPU
		{1E5D5CE8-9208-436A-A04C-6EBC3E0FF632}.Release|Any CPU.Build.0 = Release|Any CPU
		{1E5D5CE8-9208-436A-A04C-6EBC3E0FF632}.Release|x64.ActiveCfg = Release|Any CPU
		{1E5D5CE8-9208-436A-A04C-6EBC3E0FF632}.Release|x64.Build.0 = Release|Any CPU
		{1E5D5CE8-9208-436A-A04C-6EBC3E0FF632}.Release|x86.ActiveCfg = Release|Any CPU
		{1E5D5CE8-9208-436A-A04C-6EBC3E0FF632}.Release|x86.Build.0 = Release|Any CPU
		{CF0826FA-A732-41FF-ACDA-9DB178CBDBA7}.Debug|Any CPU.ActiveCfg = Debug|Any CPU
		{CF0826FA-A732-41FF-ACDA-9DB178CBDBA7}.Debug|Any CPU.Build.0 = Debug|Any CPU
		{CF0826FA-A732-41FF-ACDA-9DB178CBDBA7}.Debug|x64.ActiveCfg = Debug|Any CPU
		{CF0826FA-A732-41FF-ACDA-9DB178CBDBA7}.Debug|x64.Build.0 = Debug|Any CPU
		{CF0826FA-A732-41FF-ACDA-9DB178CBDBA7}.Debug|x86.ActiveCfg = Debug|Any CPU
		{CF0826FA-A732-41FF-ACDA-9DB178CBDBA7}.Debug|x86.Build.0 = Debug|Any CPU
		{CF0826FA-A732-41FF-ACDA-9DB178CBDBA7}.Release|Any CPU.ActiveCfg = Release|Any CPU
		{CF0826FA-A732-41FF-ACDA-9DB178CBDBA7}.Release|Any CPU.Build.0 = Release|Any CPU
		{CF0826FA-A732-41FF-ACDA-9DB178CBDBA7}.Release|x64.ActiveCfg = Release|Any CPU
		{CF0826FA-A732-41FF-ACDA-9DB178CBDBA7}.Release|x64.Build.0 = Release|Any CPU
		{CF0826FA-A732-41FF-ACDA-9DB178CBDBA7}.Release|x86.ActiveCfg = Release|Any CPU
		{CF0826FA-A732-41FF-ACDA-9DB178CBDBA7}.Release|x86.Build.0 = Release|Any CPU
		{A7D3E9C1-4B62-4F8A-9E1D-5C2F7B8A0D34}.Debug|Any CPU.ActiveCfg = Debug|Any CPU
		{A7D3E9C1-4B62-4F8A-9E1D-5C2F7B8A0D34}.Debug|Any CPU.Build.0 = Debug|Any CPU
		{A7D3E9C1-4B62-4F8A-9E1D-5C2F7B8A0D34}.Debug|x64.ActiveCfg = Debug|Any CPU
		{A7D3E9C1-4B62-4F8A-9E1D-5C2F7B8A0D34}.Debug|x64.Build.0 = Debug|Any CPU
		{A7D3E9C1-4B62-4F8A-9E1D-5C2F7B8A0D34}.Debug|x86.ActiveCfg = Debug|Any CPU
		{A7D3E9C1-4B62-4F8A-9E1D-5C2F7B8A0D34}.Debug|x86.Build.0 = Debug|Any CPU
		{A7D3E9C1-4B62-4F8A-9E1D-5C2F7B8A0D34}.Release|Any CPU.ActiveCfg = Release|Any CPU
		{A7D3E9C1-4B62-4F8A-9E1D-5C2F7B8A0D34}.Release|Any CPU.Build.0 = Release|Any CPU
		{A7D3E9C1-4B62-4F8A-9E1D-5C2F7B8A0D34}.Release|x64.ActiveCfg = Release|Any CPU
		{A7D3E9C1-4B62-4F8A-9E1D-5C2F7B8A0D34}.Release|x64.Build.0 = Release|Any CPU
		{A7D3E9C1-4B62-4F8A-9E1D-5C2F7B8A0D34}.Release|x86.ActiveCfg = Release|Any CPU
		{A7D3E9C1-4B62-4F8A-9E1D-5C2F7B8A0D34}.Release|x86.Build.0 = Release|Any CPU
		{B8E4F0A2-1C73-4D9B-8F2E-6D3A9C1B2E45}.Debug|Any CPU.ActiveCfg = Debug|Any CPU
		{B8E4F0A2-1C73-4D9B-8F2E-6D3A9C1B2E45}.Debug|Any CPU.Build.0 = Debug|Any CPU
		{B8E4F0A2-1C73-4D9B-8F2E-6D3A9C1B2E45}.Debug|x64.ActiveCfg = Debug|Any CPU
		{B8E4F0A2-1C73-4D9B-8F2E-6D3A9C1B2E45}.Debug|x64.Build.0 = Debug|Any CPU
		{B8E4F0A2-1C73-4D9B-8F2E-6D3A9C1B2E45}.Debug|x86.ActiveCfg = Debug|Any CPU
		{B8E4F0A2-1C73-4D9B-8F2E-6D3A9C1B2E45}.Debug|x86.Build.0 = Debug|Any CPU
		{B8E4F0A2-1C73-4D9B-8F2E-6D3A9C1B2E45}.Release|Any CPU.ActiveCfg = Release|Any CPU
		{B8E4F0A2-1C73-4D9B-8F2E-6D3A9C1B2E45}.Release|Any CPU.Build.0 = Release|Any CPU
		{B8E4F0A2-1C73-4D9B-8F2E-6D3A9C1B2E45}.Release|x64.ActiveCfg = Release|Any CPU
		{B8E4F0A2-1C73-4D9B-8F2E-6D3A9C1B2E45}.Release|x64.Build.0 = Release|Any CPU
		{B8E4F0A2-1C73-4D9B-8F2E-6D3A9C1B2E45}.Release|x86.ActiveCfg = Release|Any CPU
		{B8E4F0A2-1C73-4D9B-8F2E-6D3A9C1B2E45}.Release|x86.Build.0 = Release|Any CPU
		{C9F1A2B3-4D5E-6F70-8A9B-0C1D2E3F4A50}.Debug|Any CPU.ActiveCfg = Debug|Any CPU
		{C9F1A2B3-4D5E-6F70-8A9B-0C1D2E3F4A50}.Debug|Any CPU.Build.0 = Debug|Any CPU
		{C9F1A2B3-4D5E-6F70-8A9B-0C1D2E3F4A50}.Debug|x64.ActiveCfg = Debug|Any CPU
		{C9F1A2B3-4D5E-6F70-8A9B-0C1D2E3F4A50}.Debug|x64.Build.0 = Debug|Any CPU
		{C9F1A2B3-4D5E-6F70-8A9B-0C1D2E3F4A50}.Debug|x86.ActiveCfg = Debug|Any CPU
		{C9F1A2B3-4D5E-6F70-8A9B-0C1D2E3F4A50}.Debug|x86.Build.0 = Debug|Any CPU
		{C9F1A2B3-4D5E-6F70-8A9B-0C1D2E3F4A50}.Release|Any CPU.ActiveCfg = Release|Any CPU
		{C9F1A2B3-4D5E-6F70-8A9B-0C1D2E3F4A50}.Release|Any CPU.Build.0 = Release|Any CPU
		{C9F1A2B3-4D5E-6F70-8A9B-0C1D2E3F4A50}.Release|x64.ActiveCfg = Release|Any CPU
		{C9F1A2B3-4D5E-6F70-8A9B-0C1D2E3F4A50}.Release|x64.Build.0 = Release|Any CPU
		{C9F1A2B3-4D5E-6F70-8A9B-0C1D2E3F4A50}.Release|x86.ActiveCfg = Release|Any CPU
		{C9F1A2B3-4D5E-6F70-8A9B-0C1D2E3F4A50}.Release|x86.Build.0 = Release|Any CPU
		{7DB37D4B-AD63-4058-891E-42B6D82C1379}.Debug|Any CPU.ActiveCfg = Debug|Any CPU
		{7DB37D4B-AD63-4058-891E-42B6D82C1379}.Debug|Any CPU.Build.0 = Debug|Any CPU
		{7DB37D4B-AD63-4058-891E-42B6D82C1379}.Debug|x64.ActiveCfg = Debug|Any CPU
		{7DB37D4B-AD63-4058-891E-42B6D82C1379}.Debug|x64.Build.0 = Debug|Any CPU
		{7DB37D4B-AD63-4058-891E-42B6D82C1379}.Debug|x86.ActiveCfg = Debug|Any CPU
		{7DB37D4B-AD63-4058-891E-42B6D82C1379}.Debug|x86.Build.0 = Debug|Any CPU
		{7DB37D4B-AD63-4058-891E-42B6D82C1379}.Release|Any CPU.ActiveCfg = Release|Any CPU
		{7DB37D4B-AD63-4058-891E-42B6D82C1379}.Release|Any CPU.Build.0 = Release|Any CPU
		{7DB37D4B-AD63-4058-891E-42B6D82C1379}.Release|x64.ActiveCfg = Release|Any CPU
		{7DB37D4B-AD63-4058-891E-42B6D82C1379}.Release|x64.Build.0 = Release|Any CPU
		{7DB37D4B-AD63-4058-891E-42B6D82C1379}.Release|x86.ActiveCfg = Release|Any CPU
		{7DB37D4B-AD63-4058-891E-42B6D82C1379}.Release|x86.Build.0 = Release|Any CPU
		{4AFDB21B-AFAB-4B0A-AE29-2BA92B2F9E17}.Debug|Any CPU.ActiveCfg = Debug|Any CPU
		{4AFDB21B-AFAB-4B0A-AE29-2BA92B2F9E17}.Debug|Any CPU.Build.0 = Debug|Any CPU
		{4AFDB21B-AFAB-4B0A-AE29-2BA92B2F9E17}.Debug|x64.ActiveCfg = Debug|Any CPU
		{4AFDB21B-AFAB-4B0A-AE29-2BA92B2F9E17}.Debug|x64.Build.0 = Debug|Any CPU
		{4AFDB21B-AFAB-4B0A-AE29-2BA92B2F9E17}.Debug|x86.ActiveCfg = Debug|Any CPU
		{4AFDB21B-AFAB-4B0A-AE29-2BA92B2F9E17}.Debug|x86.Build.0 = Debug|Any CPU
		{4AFDB21B-AFAB-4B0A-AE29-2BA92B2F9E17}.Release|Any CPU.ActiveCfg = Release|Any CPU
		{4AFDB21B-AFAB-4B0A-AE29-2BA92B2F9E17}.Release|Any CPU.Build.0 = Release|Any CPU
		{4AFDB21B-AFAB-4B0A-AE29-2BA92B2F9E17}.Release|x64.ActiveCfg = Release|Any CPU
		{4AFDB21B-AFAB-4B0A-AE29-2BA92B2F9E17}.Release|x64.Build.0 = Release|Any CPU
		{4AFDB21B-AFAB-4B0A-AE29-2BA92B2F9E17}.Release|x86.ActiveCfg = Release|Any CPU
		{4AFDB21B-AFAB-4B0A-AE29-2BA92B2F9E17}.Release|x86.Build.0 = Release|Any CPU
		{B567E6F9-443C-41D5-AE1D-5187A642AB2F}.Debug|Any CPU.ActiveCfg = Debug|Any CPU
		{B567E6F9-443C-41D5-AE1D-5187A642AB2F}.Debug|Any CPU.Build.0 = Debug|Any CPU
		{B567E6F9-443C-41D5-AE1D-5187A642AB2F}.Debug|x64.ActiveCfg = Debug|Any CPU
		{B567E6F9-443C-41D5-AE1D-5187A642AB2F}.Debug|x64.Build.0 = Debug|Any CPU
		{B567E6F9-443C-41D5-AE1D-5187A642AB2F}.Debug|x86.ActiveCfg = Debug|Any CPU
		{B567E6F9-443C-41D5-AE1D-5187A642AB2F}.Debug|x86.Build.0 = Debug|Any CPU
		{B567E6F9-443C-41D5-AE1D-5187A642AB2F}.Release|Any CPU.ActiveCfg = Release|Any CPU
		{B567E6F9-443C-41D5-AE1D-5187A642AB2F}.Release|Any CPU.Build.0 = Release|Any CPU
		{B567E6F9-443C-41D5-AE1D-5187A642AB2F}.Release|x64.ActiveCfg = Release|Any CPU
		{B567E6F9-443C-41D5-AE1D-5187A642AB2F}.Release|x64.Build.0 = Release|Any CPU
		{B567E6F9-443C-41D5-AE1D-5187A642AB2F}.Release|x86.ActiveCfg = Release|Any CPU
		{B567E6F9-443C-41D5-AE1D-5187A642AB2F}.Release|x86.Build.0 = Release|Any CPU
		{D2A4E7F1-9C3B-4E6A-8B5D-1F0E2A3C4B60}.Debug|Any CPU.ActiveCfg = Debug|Any CPU
		{D2A4E7F1-9C3B-4E6A-8B5D-1F0E2A3C4B60}.Debug|Any CPU.Build.0 = Debug|Any CPU
		{D2A4E7F1-9C3B-4E6A-8B5D-1F0E2A3C4B60}.Debug|x64.ActiveCfg = Debug|Any CPU
		{D2A4E7F1-9C3B-4E6A-8B5D-1F0E2A3C4B60}.Debug|x64.Build.0 = Debug|Any CPU
		{D2A4E7F1-9C3B-4E6A-8B5D-1F0E2A3C4B60}.Debug|x86.ActiveCfg = Debug|Any CPU
		{D2A4E7F1-9C3B-4E6A-8B5D-1F0E2A3C4B60}.Debug|x86.Build.0 = Debug|Any CPU
		{D2A4E7F1-9C3B-4E6A-8B5D-1F0E2A3C4B60}.Release|Any CPU.ActiveCfg = Release|Any CPU
		{D2A4E7F1-9C3B-4E6A-8B5D-1F0E2A3C4B60}.Release|Any CPU.Build.0 = Release|Any CPU
		{D2A4E7F1-9C3B-4E6A-8B5D-1F0E2A3C4B60}.Release|x64.ActiveCfg = Release|Any CPU
		{D2A4E7F1-9C3B-4E6A-8B5D-1F0E2A3C4B60}.Release|x64.Build.0 = Release|Any CPU
		{D2A4E7F1-9C3B-4E6A-8B5D-1F0E2A3C4B60}.Release|x86.ActiveCfg = Release|Any CPU
		{D2A4E7F1-9C3B-4E6A-8B5D-1F0E2A3C4B60}.Release|x86.Build.0 = Release|Any CPU
		{E1B5C8A3-2D74-4F9B-9C6E-3A2F1B0D5C71}.Debug|Any CPU.ActiveCfg = Debug|Any CPU
		{E1B5C8A3-2D74-4F9B-9C6E-3A2F1B0D5C71}.Debug|Any CPU.Build.0 = Debug|Any CPU
		{E1B5C8A3-2D74-4F9B-9C6E-3A2F1B0D5C71}.Debug|x64.ActiveCfg = Debug|Any CPU
		{E1B5C8A3-2D74-4F9B-9C6E-3A2F1B0D5C71}.Debug|x64.Build.0 = Debug|Any CPU
		{E1B5C8A3-2D74-4F9B-9C6E-3A2F1B0D5C71}.Debug|x86.ActiveCfg = Debug|Any CPU
		{E1B5C8A3-2D74-4F9B-9C6E-3A2F1B0D5C71}.Debug|x86.Build.0 = Debug|Any CPU
		{E1B5C8A3-2D74-4F9B-9C6E-3A2F1B0D5C71}.Release|Any CPU.ActiveCfg = Release|Any CPU
		{E1B5C8A3-2D74-4F9B-9C6E-3A2F1B0D5C71}.Release|Any CPU.Build.0 = Release|Any CPU
		{E1B5C8A3-2D74-4F9B-9C6E-3A2F1B0D5C71}.Release|x64.ActiveCfg = Release|Any CPU
		{E1B5C8A3-2D74-4F9B-9C6E-3A2F1B0D5C71}.Release|x64.Build.0 = Release|Any CPU
		{E1B5C8A3-2D74-4F9B-9C6E-3A2F1B0D5C71}.Release|x86.ActiveCfg = Release|Any CPU
		{E1B5C8A3-2D74-4F9B-9C6E-3A2F1B0D5C71}.Release|x86.Build.0 = Release|Any CPU
		{6B00C276-BAB4-4C79-A0DF-C7FEFC210755}.Debug|Any CPU.ActiveCfg = Debug|Any CPU
		{6B00C276-BAB4-4C79-A0DF-C7FEFC210755}.Debug|Any CPU.Build.0 = Debug|Any CPU
		{6B00C276-BAB4-4C79-A0DF-C7FEFC210755}.Debug|x64.ActiveCfg = Debug|Any CPU
		{6B00C276-BAB4-4C79-A0DF-C7FEFC210755}.Debug|x64.Build.0 = Debug|Any CPU
		{6B00C276-BAB4-4C79-A0DF-C7FEFC210755}.Debug|x86.ActiveCfg = Debug|Any CPU
		{6B00C276-BAB4-4C79-A0DF-C7FEFC210755}.Debug|x86.Build.0 = Debug|Any CPU
		{6B00C276-BAB4-4C79-A0DF-C7FEFC210755}.Release|Any CPU.ActiveCfg = Release|Any CPU
		{6B00C276-BAB4-4C79-A0DF-C7FEFC210755}.Release|Any CPU.Build.0 = Release|Any CPU
		{6B00C276-BAB4-4C79-A0DF-C7FEFC210755}.Release|x64.ActiveCfg = Release|Any CPU
		{6B00C276-BAB4-4C79-A0DF-C7FEFC210755}.Release|x64.Build.0 = Release|Any CPU
		{6B00C276-BAB4-4C79-A0DF-C7FEFC210755}.Release|x86.ActiveCfg = Release|Any CPU
		{6B00C276-BAB4-4C79-A0DF-C7FEFC210755}.Release|x86.Build.0 = Release|Any CPU
		{8A5682CA-F62C-494C-B99A-E99FD21F697F}.Debug|Any CPU.ActiveCfg = Debug|Any CPU
		{8A5682CA-F62C-494C-B99A-E99FD21F697F}.Debug|Any CPU.Build.0 = Debug|Any CPU
		{8A5682CA-F62C-494C-B99A-E99FD21F697F}.Debug|x64.ActiveCfg = Debug|Any CPU
		{8A5682CA-F62C-494C-B99A-E99FD21F697F}.Debug|x64.Build.0 = Debug|Any CPU
		{8A5682CA-F62C-494C-B99A-E99FD21F697F}.Debug|x86.ActiveCfg = Debug|Any CPU
		{8A5682CA-F62C-494C-B99A-E99FD21F697F}.Debug|x86.Build.0 = Debug|Any CPU
		{8A5682CA-F62C-494C-B99A-E99FD21F697F}.Release|Any CPU.ActiveCfg = Release|Any CPU
		{8A5682CA-F62C-494C-B99A-E99FD21F697F}.Release|Any CPU.Build.0 = Release|Any CPU
		{8A5682CA-F62C-494C-B99A-E99FD21F697F}.Release|x64.ActiveCfg = Release|Any CPU
		{8A5682CA-F62C-494C-B99A-E99FD21F697F}.Release|x64.Build.0 = Release|Any CPU
		{8A5682CA-F62C-494C-B99A-E99FD21F697F}.Release|x86.ActiveCfg = Release|Any CPU
		{8A5682CA-F62C-494C-B99A-E99FD21F697F}.Release|x86.Build.0 = Release|Any CPU
		{35C837AA-BAE2-4C80-BB20-0C6FBF4BFA64}.Debug|Any CPU.ActiveCfg = Debug|Any CPU
		{35C837AA-BAE2-4C80-BB20-0C6FBF4BFA64}.Debug|Any CPU.Build.0 = Debug|Any CPU
		{35C837AA-BAE2-4C80-BB20-0C6FBF4BFA64}.Debug|x64.ActiveCfg = Debug|Any CPU
		{35C837AA-BAE2-4C80-BB20-0C6FBF4BFA64}.Debug|x64.Build.0 = Debug|Any CPU
		{35C837AA-BAE2-4C80-BB20-0C6FBF4BFA64}.Debug|x86.ActiveCfg = Debug|Any CPU
		{35C837AA-BAE2-4C80-BB20-0C6FBF4BFA64}.Debug|x86.Build.0 = Debug|Any CPU
		{35C837AA-BAE2-4C80-BB20-0C6FBF4BFA64}.Release|Any CPU.ActiveCfg = Release|Any CPU
		{35C837AA-BAE2-4C80-BB20-0C6FBF4BFA64}.Release|Any CPU.Build.0 = Release|Any CPU
		{35C837AA-BAE2-4C80-BB20-0C6FBF4BFA64}.Release|x64.ActiveCfg = Release|Any CPU
		{35C837AA-BAE2-4C80-BB20-0C6FBF4BFA64}.Release|x64.Build.0 = Release|Any CPU
		{35C837AA-BAE2-4C80-BB20-0C6FBF4BFA64}.Release|x86.ActiveCfg = Release|Any CPU
		{35C837AA-BAE2-4C80-BB20-0C6FBF4BFA64}.Release|x86.Build.0 = Release|Any CPU
		{6C274C5B-DD3D-4307-AACF-FA95AB74ADF4}.Debug|Any CPU.ActiveCfg = Debug|Any CPU
		{6C274C5B-DD3D-4307-AACF-FA95AB74ADF4}.Debug|Any CPU.Build.0 = Debug|Any CPU
		{6C274C5B-DD3D-4307-AACF-FA95AB74ADF4}.Debug|x64.ActiveCfg = Debug|Any CPU
		{6C274C5B-DD3D-4307-AACF-FA95AB74ADF4}.Debug|x64.Build.0 = Debug|Any CPU
		{6C274C5B-DD3D-4307-AACF-FA95AB74ADF4}.Debug|x86.ActiveCfg = Debug|Any CPU
		{6C274C5B-DD3D-4307-AACF-FA95AB74ADF4}.Debug|x86.Build.0 = Debug|Any CPU
		{6C274C5B-DD3D-4307-AACF-FA95AB74ADF4}.Release|Any CPU.ActiveCfg = Release|Any CPU
		{6C274C5B-DD3D-4307-AACF-FA95AB74ADF4}.Release|Any CPU.Build.0 = Release|Any CPU
		{6C274C5B-DD3D-4307-AACF-FA95AB74ADF4}.Release|x64.ActiveCfg = Release|Any CPU
		{6C274C5B-DD3D-4307-AACF-FA95AB74ADF4}.Release|x64.Build.0 = Release|Any CPU
		{6C274C5B-DD3D-4307-AACF-FA95AB74ADF4}.Release|x86.ActiveCfg = Release|Any CPU
		{6C274C5B-DD3D-4307-AACF-FA95AB74ADF4}.Release|x86.Build.0 = Release|Any CPU
		{3F7A1D42-90C5-4E18-B2A7-6D5E8C4F1B93}.Debug|Any CPU.ActiveCfg = Debug|Any CPU
		{3F7A1D42-90C5-4E18-B2A7-6D5E8C4F1B93}.Debug|Any CPU.Build.0 = Debug|Any CPU
		{3F7A1D42-90C5-4E18-B2A7-6D5E8C4F1B93}.Debug|x64.ActiveCfg = Debug|Any CPU
		{3F7A1D42-90C5-4E18-B2A7-6D5E8C4F1B93}.Debug|x64.Build.0 = Debug|Any CPU
		{3F7A1D42-90C5-4E18-B2A7-6D5E8C4F1B93}.Debug|x86.ActiveCfg = Debug|Any CPU
		{3F7A1D42-90C5-4E18-B2A7-6D5E8C4F1B93}.Debug|x86.Build.0 = Debug|Any CPU
		{3F7A1D42-90C5-4E18-B2A7-6D5E8C4F1B93}.Release|Any CPU.ActiveCfg = Release|Any CPU
		{3F7A1D42-90C5-4E18-B2A7-6D5E8C4F1B93}.Release|Any CPU.Build.0 = Release|Any CPU
		{3F7A1D42-90C5-4E18-B2A7-6D5E8C4F1B93}.Release|x64.ActiveCfg = Release|Any CPU
		{3F7A1D42-90C5-4E18-B2A7-6D5E8C4F1B93}.Release|x64.Build.0 = Release|Any CPU
		{3F7A1D42-90C5-4E18-B2A7-6D5E8C4F1B93}.Release|x86.ActiveCfg = Release|Any CPU
		{3F7A1D42-90C5-4E18-B2A7-6D5E8C4F1B93}.Release|x86.Build.0 = Release|Any CPU
		{4715B3DB-B950-4CDB-BD4E-8DADD2FC3DBE}.Debug|Any CPU.ActiveCfg = Debug|Any CPU
		{4715B3DB-B950-4CDB-BD4E-8DADD2FC3DBE}.Debug|Any CPU.Build.0 = Debug|Any CPU
		{4715B3DB-B950-4CDB-BD4E-8DADD2FC3DBE}.Debug|x64.ActiveCfg = Debug|Any CPU
		{4715B3DB-B950-4CDB-BD4E-8DADD2FC3DBE}.Debug|x64.Build.0 = Debug|Any CPU
		{4715B3DB-B950-4CDB-BD4E-8DADD2FC3DBE}.Debug|x86.ActiveCfg = Debug|Any CPU
		{4715B3DB-B950-4CDB-BD4E-8DADD2FC3DBE}.Debug|x86.Build.0 = Debug|Any CPU
		{4715B3DB-B950-4CDB-BD4E-8DADD2FC3DBE}.Release|Any CPU.ActiveCfg = Release|Any CPU
		{4715B3DB-B950-4CDB-BD4E-8DADD2FC3DBE}.Release|Any CPU.Build.0 = Release|Any CPU
		{4715B3DB-B950-4CDB-BD4E-8DADD2FC3DBE}.Release|x64.ActiveCfg = Release|Any CPU
		{4715B3DB-B950-4CDB-BD4E-8DADD2FC3DBE}.Release|x64.Build.0 = Release|Any CPU
		{4715B3DB-B950-4CDB-BD4E-8DADD2FC3DBE}.Release|x86.ActiveCfg = Release|Any CPU
		{4715B3DB-B950-4CDB-BD4E-8DADD2FC3DBE}.Release|x86.Build.0 = Release|Any CPU
		{139E7A57-3E55-4A86-BAFC-4CD2844CAFC8}.Debug|Any CPU.ActiveCfg = Debug|Any CPU
		{139E7A57-3E55-4A86-BAFC-4CD2844CAFC8}.Debug|Any CPU.Build.0 = Debug|Any CPU
		{139E7A57-3E55-4A86-BAFC-4CD2844CAFC8}.Debug|x64.ActiveCfg = Debug|Any CPU
		{139E7A57-3E55-4A86-BAFC-4CD2844CAFC8}.Debug|x64.Build.0 = Debug|Any CPU
		{139E7A57-3E55-4A86-BAFC-4CD2844CAFC8}.Debug|x86.ActiveCfg = Debug|Any CPU
		{139E7A57-3E55-4A86-BAFC-4CD2844CAFC8}.Debug|x86.Build.0 = Debug|Any CPU
		{139E7A57-3E55-4A86-BAFC-4CD2844CAFC8}.Release|Any CPU.ActiveCfg = Release|Any CPU
		{139E7A57-3E55-4A86-BAFC-4CD2844CAFC8}.Release|Any CPU.Build.0 = Release|Any CPU
		{139E7A57-3E55-4A86-BAFC-4CD2844CAFC8}.Release|x64.ActiveCfg = Release|Any CPU
		{139E7A57-3E55-4A86-BAFC-4CD2844CAFC8}.Release|x64.Build.0 = Release|Any CPU
		{139E7A57-3E55-4A86-BAFC-4CD2844CAFC8}.Release|x86.ActiveCfg = Release|Any CPU
		{139E7A57-3E55-4A86-BAFC-4CD2844CAFC8}.Release|x86.Build.0 = Release|Any CPU
		{17D05982-A4FA-49D0-ADA9-9E4F4171B014}.Debug|Any CPU.ActiveCfg = Debug|Any CPU
		{17D05982-A4FA-49D0-ADA9-9E4F4171B014}.Debug|Any CPU.Build.0 = Debug|Any CPU
		{17D05982-A4FA-49D0-ADA9-9E4F4171B014}.Debug|x64.ActiveCfg = Debug|Any CPU
		{17D05982-A4FA-49D0-ADA9-9E4F4171B014}.Debug|x64.Build.0 = Debug|Any CPU
		{17D05982-A4FA-49D0-ADA9-9E4F4171B014}.Debug|x86.ActiveCfg = Debug|Any CPU
		{17D05982-A4FA-49D0-ADA9-9E4F4171B014}.Debug|x86.Build.0 = Debug|Any CPU
		{17D05982-A4FA-49D0-ADA9-9E4F4171B014}.Release|Any CPU.ActiveCfg = Release|Any CPU
		{17D05982-A4FA-49D0-ADA9-9E4F4171B014}.Release|Any CPU.Build.0 = Release|Any CPU
		{17D05982-A4FA-49D0-ADA9-9E4F4171B014}.Release|x64.ActiveCfg = Release|Any CPU
		{17D05982-A4FA-49D0-ADA9-9E4F4171B014}.Release|x64.Build.0 = Release|Any CPU
		{17D05982-A4FA-49D0-ADA9-9E4F4171B014}.Release|x86.ActiveCfg = Release|Any CPU
		{17D05982-A4FA-49D0-ADA9-9E4F4171B014}.Release|x86.Build.0 = Release|Any CPU
		{964F8129-4D24-4FA9-8886-9F00E2A47BA4}.Debug|Any CPU.ActiveCfg = Debug|Any CPU
		{964F8129-4D24-4FA9-8886-9F00E2A47BA4}.Debug|Any CPU.Build.0 = Debug|Any CPU
		{964F8129-4D24-4FA9-8886-9F00E2A47BA4}.Debug|x64.ActiveCfg = Debug|Any CPU
		{964F8129-4D24-4FA9-8886-9F00E2A47BA4}.Debug|x64.Build.0 = Debug|Any CPU
		{964F8129-4D24-4FA9-8886-9F00E2A47BA4}.Debug|x86.ActiveCfg = Debug|Any CPU
		{964F8129-4D24-4FA9-8886-9F00E2A47BA4}.Debug|x86.Build.0 = Debug|Any CPU
		{964F8129-4D24-4FA9-8886-9F00E2A47BA4}.Release|Any CPU.ActiveCfg = Release|Any CPU
		{964F8129-4D24-4FA9-8886-9F00E2A47BA4}.Release|Any CPU.Build.0 = Release|Any CPU
		{964F8129-4D24-4FA9-8886-9F00E2A47BA4}.Release|x64.ActiveCfg = Release|Any CPU
		{964F8129-4D24-4FA9-8886-9F00E2A47BA4}.Release|x64.Build.0 = Release|Any CPU
		{964F8129-4D24-4FA9-8886-9F00E2A47BA4}.Release|x86.ActiveCfg = Release|Any CPU
		{964F8129-4D24-4FA9-8886-9F00E2A47BA4}.Release|x86.Build.0 = Release|Any CPU
		{AAE1655D-B4F3-4A9C-B290-793E70C616A6}.Debug|Any CPU.ActiveCfg = Debug|Any CPU
		{AAE1655D-B4F3-4A9C-B290-793E70C616A6}.Debug|Any CPU.Build.0 = Debug|Any CPU
		{AAE1655D-B4F3-4A9C-B290-793E70C616A6}.Debug|x64.ActiveCfg = Debug|Any CPU
		{AAE1655D-B4F3-4A9C-B290-793E70C616A6}.Debug|x64.Build.0 = Debug|Any CPU
		{AAE1655D-B4F3-4A9C-B290-793E70C616A6}.Debug|x86.ActiveCfg = Debug|Any CPU
		{AAE1655D-B4F3-4A9C-B290-793E70C616A6}.Debug|x86.Build.0 = Debug|Any CPU
		{AAE1655D-B4F3-4A9C-B290-793E70C616A6}.Release|Any CPU.ActiveCfg = Release|Any CPU
		{AAE1655D-B4F3-4A9C-B290-793E70C616A6}.Release|Any CPU.Build.0 = Release|Any CPU
		{AAE1655D-B4F3-4A9C-B290-793E70C616A6}.Release|x64.ActiveCfg = Release|Any CPU
		{AAE1655D-B4F3-4A9C-B290-793E70C616A6}.Release|x64.Build.0 = Release|Any CPU
		{AAE1655D-B4F3-4A9C-B290-793E70C616A6}.Release|x86.ActiveCfg = Release|Any CPU
		{AAE1655D-B4F3-4A9C-B290-793E70C616A6}.Release|x86.Build.0 = Release|Any CPU
		{75826C60-F710-4B19-88B2-8AC891573BB0}.Debug|Any CPU.ActiveCfg = Debug|Any CPU
		{75826C60-F710-4B19-88B2-8AC891573BB0}.Debug|Any CPU.Build.0 = Debug|Any CPU
		{75826C60-F710-4B19-88B2-8AC891573BB0}.Debug|x64.ActiveCfg = Debug|Any CPU
		{75826C60-F710-4B19-88B2-8AC891573BB0}.Debug|x64.Build.0 = Debug|Any CPU
		{75826C60-F710-4B19-88B2-8AC891573BB0}.Debug|x86.ActiveCfg = Debug|Any CPU
		{75826C60-F710-4B19-88B2-8AC891573BB0}.Debug|x86.Build.0 = Debug|Any CPU
		{75826C60-F710-4B19-88B2-8AC891573BB0}.Release|Any CPU.ActiveCfg = Release|Any CPU
		{75826C60-F710-4B19-88B2-8AC891573BB0}.Release|Any CPU.Build.0 = Release|Any CPU
		{75826C60-F710-4B19-88B2-8AC891573BB0}.Release|x64.ActiveCfg = Release|Any CPU
		{75826C60-F710-4B19-88B2-8AC891573BB0}.Release|x64.Build.0 = Release|Any CPU
		{75826C60-F710-4B19-88B2-8AC891573BB0}.Release|x86.ActiveCfg = Release|Any CPU
		{75826C60-F710-4B19-88B2-8AC891573BB0}.Release|x86.Build.0 = Release|Any CPU
		{E4821309-A74B-4823-883C-97F3F585F5E8}.Debug|Any CPU.ActiveCfg = Debug|Any CPU
		{E4821309-A74B-4823-883C-97F3F585F5E8}.Debug|Any CPU.Build.0 = Debug|Any CPU
		{E4821309-A74B-4823-883C-97F3F585F5E8}.Debug|x64.ActiveCfg = Debug|Any CPU
		{E4821309-A74B-4823-883C-97F3F585F5E8}.Debug|x64.Build.0 = Debug|Any CPU
		{E4821309-A74B-4823-883C-97F3F585F5E8}.Debug|x86.ActiveCfg = Debug|Any CPU
		{E4821309-A74B-4823-883C-97F3F585F5E8}.Debug|x86.Build.0 = Debug|Any CPU
		{E4821309-A74B-4823-883C-97F3F585F5E8}.Release|Any CPU.ActiveCfg = Release|Any CPU
		{E4821309-A74B-4823-883C-97F3F585F5E8}.Release|Any CPU.Build.0 = Release|Any CPU
		{E4821309-A74B-4823-883C-97F3F585F5E8}.Release|x64.ActiveCfg = Release|Any CPU
		{E4821309-A74B-4823-883C-97F3F585F5E8}.Release|x64.Build.0 = Release|Any CPU
		{E4821309-A74B-4823-883C-97F3F585F5E8}.Release|x86.ActiveCfg = Release|Any CPU
		{E4821309-A74B-4823-883C-97F3F585F5E8}.Release|x86.Build.0 = Release|Any CPU
		{08751AF5-3207-4B1F-B3EE-68D37BD1CB54}.Debug|Any CPU.ActiveCfg = Debug|Any CPU
		{08751AF5-3207-4B1F-B3EE-68D37BD1CB54}.Debug|Any CPU.Build.0 = Debug|Any CPU
		{08751AF5-3207-4B1F-B3EE-68D37BD1CB54}.Debug|x64.ActiveCfg = Debug|Any CPU
		{08751AF5-3207-4B1F-B3EE-68D37BD1CB54}.Debug|x64.Build.0 = Debug|Any CPU
		{08751AF5-3207-4B1F-B3EE-68D37BD1CB54}.Debug|x86.ActiveCfg = Debug|Any CPU
		{08751AF5-3207-4B1F-B3EE-68D37BD1CB54}.Debug|x86.Build.0 = Debug|Any CPU
		{08751AF5-3207-4B1F-B3EE-68D37BD1CB54}.Release|Any CPU.ActiveCfg = Release|Any CPU
		{08751AF5-3207-4B1F-B3EE-68D37BD1CB54}.Release|Any CPU.Build.0 = Release|Any CPU
		{08751AF5-3207-4B1F-B3EE-68D37BD1CB54}.Release|x64.ActiveCfg = Release|Any CPU
		{08751AF5-3207-4B1F-B3EE-68D37BD1CB54}.Release|x64.Build.0 = Release|Any CPU
		{08751AF5-3207-4B1F-B3EE-68D37BD1CB54}.Release|x86.ActiveCfg = Release|Any CPU
		{08751AF5-3207-4B1F-B3EE-68D37BD1CB54}.Release|x86.Build.0 = Release|Any CPU
		{A523102A-BD45-419F-B2CA-C657B7947DCD}.Debug|Any CPU.ActiveCfg = Debug|Any CPU
		{A523102A-BD45-419F-B2CA-C657B7947DCD}.Debug|Any CPU.Build.0 = Debug|Any CPU
		{A523102A-BD45-419F-B2CA-C657B7947DCD}.Debug|x64.ActiveCfg = Debug|Any CPU
		{A523102A-BD45-419F-B2CA-C657B7947DCD}.Debug|x64.Build.0 = Debug|Any CPU
		{A523102A-BD45-419F-B2CA-C657B7947DCD}.Debug|x86.ActiveCfg = Debug|Any CPU
		{A523102A-BD45-419F-B2CA-C657B7947DCD}.Debug|x86.Build.0 = Debug|Any CPU
		{A523102A-BD45-419F-B2CA-C657B7947DCD}.Release|Any CPU.ActiveCfg = Release|Any CPU
		{A523102A-BD45-419F-B2CA-C657B7947DCD}.Release|Any CPU.Build.0 = Release|Any CPU
		{A523102A-BD45-419F-B2CA-C657B7947DCD}.Release|x64.ActiveCfg = Release|Any CPU
		{A523102A-BD45-419F-B2CA-C657B7947DCD}.Release|x64.Build.0 = Release|Any CPU
		{A523102A-BD45-419F-B2CA-C657B7947DCD}.Release|x86.ActiveCfg = Release|Any CPU
		{A523102A-BD45-419F-B2CA-C657B7947DCD}.Release|x86.Build.0 = Release|Any CPU
	EndGlobalSection
	GlobalSection(SolutionProperties) = preSolution
		HideSolutionNode = FALSE
	EndGlobalSection
	GlobalSection(NestedProjects) = preSolution
		{36B2487A-EB30-4DCB-978A-525831936B84} = {827E0CD3-B72D-47B6-A68D-7590B98EB39B}
		{E5B9BDFC-D6A7-4241-A9CF-10F1B70F25E4} = {0AB3BF05-4346-4AA6-1389-037BE0695223}
		{7C3013F2-1817-478D-BFF2-E3D1585DA36D} = {827E0CD3-B72D-47B6-A68D-7590B98EB39B}
		{2FB32473-BC55-4831-B3D7-BBF2736DC7EB} = {0AB3BF05-4346-4AA6-1389-037BE0695223}
		{A2E600A9-D716-436D-A76E-548D5FF28EE2} = {0AB3BF05-4346-4AA6-1389-037BE0695223}
		{1E5D5CE8-9208-436A-A04C-6EBC3E0FF632} = {827E0CD3-B72D-47B6-A68D-7590B98EB39B}
		{CF0826FA-A732-41FF-ACDA-9DB178CBDBA7} = {0AB3BF05-4346-4AA6-1389-037BE0695223}
		{A7D3E9C1-4B62-4F8A-9E1D-5C2F7B8A0D34} = {827E0CD3-B72D-47B6-A68D-7590B98EB39B}
		{B8E4F0A2-1C73-4D9B-8F2E-6D3A9C1B2E45} = {0AB3BF05-4346-4AA6-1389-037BE0695223}
		{C9F1A2B3-4D5E-6F70-8A9B-0C1D2E3F4A50} = {827E0CD3-B72D-47B6-A68D-7590B98EB39B}
		{7DB37D4B-AD63-4058-891E-42B6D82C1379} = {0AB3BF05-4346-4AA6-1389-037BE0695223}
		{4AFDB21B-AFAB-4B0A-AE29-2BA92B2F9E17} = {827E0CD3-B72D-47B6-A68D-7590B98EB39B}
		{B567E6F9-443C-41D5-AE1D-5187A642AB2F} = {0AB3BF05-4346-4AA6-1389-037BE0695223}
		{D2A4E7F1-9C3B-4E6A-8B5D-1F0E2A3C4B60} = {827E0CD3-B72D-47B6-A68D-7590B98EB39B}
		{E1B5C8A3-2D74-4F9B-9C6E-3A2F1B0D5C71} = {0AB3BF05-4346-4AA6-1389-037BE0695223}
		{6B00C276-BAB4-4C79-A0DF-C7FEFC210755} = {827E0CD3-B72D-47B6-A68D-7590B98EB39B}
		{8A5682CA-F62C-494C-B99A-E99FD21F697F} = {0AB3BF05-4346-4AA6-1389-037BE0695223}
		{35C837AA-BAE2-4C80-BB20-0C6FBF4BFA64} = {827E0CD3-B72D-47B6-A68D-7590B98EB39B}
		{6C274C5B-DD3D-4307-AACF-FA95AB74ADF4} = {0AB3BF05-4346-4AA6-1389-037BE0695223}
		{3F7A1D42-90C5-4E18-B2A7-6D5E8C4F1B93} = {827E0CD3-B72D-47B6-A68D-7590B98EB39B}
		{4715B3DB-B950-4CDB-BD4E-8DADD2FC3DBE} = {0AB3BF05-4346-4AA6-1389-037BE0695223}
		{139E7A57-3E55-4A86-BAFC-4CD2844CAFC8} = {827E0CD3-B72D-47B6-A68D-7590B98EB39B}
		{17D05982-A4FA-49D0-ADA9-9E4F4171B014} = {0AB3BF05-4346-4AA6-1389-037BE0695223}
		{964F8129-4D24-4FA9-8886-9F00E2A47BA4} = {827E0CD3-B72D-47B6-A68D-7590B98EB39B}
		{AAE1655D-B4F3-4A9C-B290-793E70C616A6} = {827E0CD3-B72D-47B6-A68D-7590B98EB39B}
		{75826C60-F710-4B19-88B2-8AC891573BB0} = {827E0CD3-B72D-47B6-A68D-7590B98EB39B}
		{E4821309-A74B-4823-883C-97F3F585F5E8} = {827E0CD3-B72D-47B6-A68D-7590B98EB39B}
		{08751AF5-3207-4B1F-B3EE-68D37BD1CB54} = {827E0CD3-B72D-47B6-A68D-7590B98EB39B}
		{A523102A-BD45-419F-B2CA-C657B7947DCD} = {0AB3BF05-4346-4AA6-1389-037BE0695223}
	EndGlobalSection
EndGlobal
